
Microsoft Visual Studio Solution File, Format Version 12.00
# Visual Studio Version 17
VisualStudioVersion = 17.5.33530.505
MinimumVisualStudioVersion = 10.0.40219.1
Project("{9A19103F-16F7-4668-BE54-9A1E7A4F7556}") = "Learning", "Learning\Learning.csproj", "{5197E4F1-0F42-4CAE-959D-FF48FCCFCF6B}"
EndProject
Project("{FAE04EC0-301F-11D3-BF4B-00C04F79EFBC}") = "ScrapeLibrary", "ScrapeLibrary\ScrapeLibrary.csproj", "{3FAA7F50-3BE1-4270-A7AF-1584D4E1ADBA}"
EndProject
Project("{FAE04EC0-301F-11D3-BF4B-00C04F79EFBC}") = "WpfEvents", "WpfEvents\WpfEvents.csproj", "{3AA189C8-2680-4A4C-ABE5-07B1EDB1AC28}"
EndProject
Global
	GlobalSection(SolutionConfigurationPlatforms) = preSolution
		Debug|Any CPU = Debug|Any CPU
		Release|Any CPU = Release|Any CPU
	EndGlobalSection
	GlobalSection(ProjectConfigurationPlatforms) = postSolution
		{5197E4F1-0F42-4CAE-959D-FF48FCCFCF6B}.Debug|Any CPU.ActiveCfg = Debug|Any CPU
		{5197E4F1-0F42-4CAE-959D-FF48FCCFCF6B}.Debug|Any CPU.Build.0 = Debug|Any CPU
		{5197E4F1-0F42-4CAE-959D-FF48FCCFCF6B}.Release|Any CPU.ActiveCfg = Release|Any CPU
		{5197E4F1-0F42-4CAE-959D-FF48FCCFCF6B}.Release|Any CPU.Build.0 = Release|Any CPU
		{3FAA7F50-3BE1-4270-A7AF-1584D4E1ADBA}.Debug|Any CPU.ActiveCfg = Debug|Any CPU
		{3FAA7F50-3BE1-4270-A7AF-1584D4E1ADBA}.Debug|Any CPU.Build.0 = Debug|Any CPU
		{3FAA7F50-3BE1-4270-A7AF-1584D4E1ADBA}.Release|Any CPU.ActiveCfg = Release|Any CPU
		{3FAA7F50-3BE1-4270-A7AF-1584D4E1ADBA}.Release|Any CPU.Build.0 = Release|Any CPU
		{3AA189C8-2680-4A4C-ABE5-07B1EDB1AC28}.Debug|Any CPU.ActiveCfg = Debug|Any CPU
		{3AA189C8-2680-4A4C-ABE5-07B1EDB1AC28}.Debug|Any CPU.Build.0 = Debug|Any CPU
		{3AA189C8-2680-4A4C-ABE5-07B1EDB1AC28}.Release|Any CPU.ActiveCfg = Release|Any CPU
		{3AA189C8-2680-4A4C-ABE5-07B1EDB1AC28}.Release|Any CPU.Build.0 = Release|Any CPU
	EndGlobalSection
	GlobalSection(SolutionProperties) = preSolution
		HideSolutionNode = FALSE
	EndGlobalSection
	GlobalSection(ExtensibilityGlobals) = postSolution
		SolutionGuid = {843A8B20-8B61-4DA5-B156-27E919B5E985}
	EndGlobalSection
EndGlobal
